// !$*UTF8*$!
{
	archiveVersion = 1;
	classes = {
	};
	objectVersion = 56;
	objects = {

/* Begin PBXBuildFile section */
		044C1E2A2B9A1D17000F8CED /* RxSwift in Frameworks */ = {isa = PBXBuildFile; productRef = 044C1E292B9A1D17000F8CED /* RxSwift */; };
		044C1E2D2B9A1D4F000F8CED /* FilmlerDaoRepository.swift in Sources */ = {isa = PBXBuildFile; fileRef = 044C1E2C2B9A1D4F000F8CED /* FilmlerDaoRepository.swift */; };
		044C1E302B9A1DC1000F8CED /* AnasayfaViewModel.swift in Sources */ = {isa = PBXBuildFile; fileRef = 044C1E2F2B9A1DC1000F8CED /* AnasayfaViewModel.swift */; };
		04E208AD2B9F007800DAF0EF /* FMDatabaseAdditions.m in Sources */ = {isa = PBXBuildFile; fileRef = 04E208A32B9F007800DAF0EF /* FMDatabaseAdditions.m */; };
		04E208AE2B9F007800DAF0EF /* FMDatabasePool.m in Sources */ = {isa = PBXBuildFile; fileRef = 04E208A52B9F007800DAF0EF /* FMDatabasePool.m */; };
		04E208AF2B9F007800DAF0EF /* FMDatabase.m in Sources */ = {isa = PBXBuildFile; fileRef = 04E208A62B9F007800DAF0EF /* FMDatabase.m */; };
		04E208B02B9F007800DAF0EF /* FMDatabaseQueue.m in Sources */ = {isa = PBXBuildFile; fileRef = 04E208A72B9F007800DAF0EF /* FMDatabaseQueue.m */; };
		04E208B12B9F007800DAF0EF /* FMResultSet.m in Sources */ = {isa = PBXBuildFile; fileRef = 04E208AA2B9F007800DAF0EF /* FMResultSet.m */; };
		04E208B32B9F00B600DAF0EF /* filmler_app.sqlite in Resources */ = {isa = PBXBuildFile; fileRef = 04E208B22B9F00B600DAF0EF /* filmler_app.sqlite */; };
		04EF08142B8CF84A00F5B679 /* AppDelegate.swift in Sources */ = {isa = PBXBuildFile; fileRef = 04EF08132B8CF84A00F5B679 /* AppDelegate.swift */; };
		04EF08162B8CF84A00F5B679 /* SceneDelegate.swift in Sources */ = {isa = PBXBuildFile; fileRef = 04EF08152B8CF84A00F5B679 /* SceneDelegate.swift */; };
		04EF08182B8CF84A00F5B679 /* Anasayfa.swift in Sources */ = {isa = PBXBuildFile; fileRef = 04EF08172B8CF84A00F5B679 /* Anasayfa.swift */; };
		04EF081B2B8CF84A00F5B679 /* Main.storyboard in Resources */ = {isa = PBXBuildFile; fileRef = 04EF08192B8CF84A00F5B679 /* Main.storyboard */; };
		04EF081D2B8CF84B00F5B679 /* Assets.xcassets in Resources */ = {isa = PBXBuildFile; fileRef = 04EF081C2B8CF84B00F5B679 /* Assets.xcassets */; };
		04EF08202B8CF84B00F5B679 /* LaunchScreen.storyboard in Resources */ = {isa = PBXBuildFile; fileRef = 04EF081E2B8CF84B00F5B679 /* LaunchScreen.storyboard */; };
		04EF082D2B8CF9AD00F5B679 /* Filmler.swift in Sources */ = {isa = PBXBuildFile; fileRef = 04EF082C2B8CF9AD00F5B679 /* Filmler.swift */; };
		04EF082F2B8CFA2200F5B679 /* DetaySayfa.swift in Sources */ = {isa = PBXBuildFile; fileRef = 04EF082E2B8CFA2200F5B679 /* DetaySayfa.swift */; };
		04EF08312B8CFBC900F5B679 /* FilmlerHucre.swift in Sources */ = {isa = PBXBuildFile; fileRef = 04EF08302B8CFBC900F5B679 /* FilmlerHucre.swift */; };
/* End PBXBuildFile section */

/* Begin PBXFileReference section */
		044C1E2C2B9A1D4F000F8CED /* FilmlerDaoRepository.swift */ = {isa = PBXFileReference; lastKnownFileType = sourcecode.swift; path = FilmlerDaoRepository.swift; sourceTree = "<group>"; };
		044C1E2F2B9A1DC1000F8CED /* AnasayfaViewModel.swift */ = {isa = PBXFileReference; lastKnownFileType = sourcecode.swift; path = AnasayfaViewModel.swift; sourceTree = "<group>"; };
		04E208A02B9F004100DAF0EF /* libsqlite3.tbd */ = {isa = PBXFileReference; lastKnownFileType = "sourcecode.text-based-dylib-definition"; name = libsqlite3.tbd; path = usr/lib/libsqlite3.tbd; sourceTree = SDKROOT; };
		04E208A12B9F007700DAF0EF /* FilmlerApp-Bridging-Header.h */ = {isa = PBXFileReference; lastKnownFileType = sourcecode.c.h; path = "FilmlerApp-Bridging-Header.h"; sourceTree = "<group>"; };
		04E208A22B9F007800DAF0EF /* FMDatabasePool.h */ = {isa = PBXFileReference; fileEncoding = 4; lastKnownFileType = sourcecode.c.h; path = FMDatabasePool.h; sourceTree = "<group>"; };
		04E208A32B9F007800DAF0EF /* FMDatabaseAdditions.m */ = {isa = PBXFileReference; fileEncoding = 4; lastKnownFileType = sourcecode.c.objc; path = FMDatabaseAdditions.m; sourceTree = "<group>"; };
		04E208A42B9F007800DAF0EF /* FMDatabaseAdditions.h */ = {isa = PBXFileReference; fileEncoding = 4; lastKnownFileType = sourcecode.c.h; path = FMDatabaseAdditions.h; sourceTree = "<group>"; };
		04E208A52B9F007800DAF0EF /* FMDatabasePool.m */ = {isa = PBXFileReference; fileEncoding = 4; lastKnownFileType = sourcecode.c.objc; path = FMDatabasePool.m; sourceTree = "<group>"; };
		04E208A62B9F007800DAF0EF /* FMDatabase.m */ = {isa = PBXFileReference; fileEncoding = 4; lastKnownFileType = sourcecode.c.objc; path = FMDatabase.m; sourceTree = "<group>"; };
		04E208A72B9F007800DAF0EF /* FMDatabaseQueue.m */ = {isa = PBXFileReference; fileEncoding = 4; lastKnownFileType = sourcecode.c.objc; path = FMDatabaseQueue.m; sourceTree = "<group>"; };
		04E208A82B9F007800DAF0EF /* FMDatabaseQueue.h */ = {isa = PBXFileReference; fileEncoding = 4; lastKnownFileType = sourcecode.c.h; path = FMDatabaseQueue.h; sourceTree = "<group>"; };
		04E208A92B9F007800DAF0EF /* FMDB.h */ = {isa = PBXFileReference; fileEncoding = 4; lastKnownFileType = sourcecode.c.h; path = FMDB.h; sourceTree = "<group>"; };
		04E208AA2B9F007800DAF0EF /* FMResultSet.m */ = {isa = PBXFileReference; fileEncoding = 4; lastKnownFileType = sourcecode.c.objc; path = FMResultSet.m; sourceTree = "<group>"; };
		04E208AB2B9F007800DAF0EF /* FMDatabase.h */ = {isa = PBXFileReference; fileEncoding = 4; lastKnownFileType = sourcecode.c.h; path = FMDatabase.h; sourceTree = "<group>"; };
		04E208AC2B9F007800DAF0EF /* FMResultSet.h */ = {isa = PBXFileReference; fileEncoding = 4; lastKnownFileType = sourcecode.c.h; path = FMResultSet.h; sourceTree = "<group>"; };
		04E208B22B9F00B600DAF0EF /* filmler_app.sqlite */ = {isa = PBXFileReference; lastKnownFileType = file; path = filmler_app.sqlite; sourceTree = "<group>"; };
		04EF08102B8CF84A00F5B679 /* FilmlerApp.app */ = {isa = PBXFileReference; explicitFileType = wrapper.application; includeInIndex = 0; path = FilmlerApp.app; sourceTree = BUILT_PRODUCTS_DIR; };
		04EF08132B8CF84A00F5B679 /* AppDelegate.swift */ = {isa = PBXFileReference; lastKnownFileType = sourcecode.swift; path = AppDelegate.swift; sourceTree = "<group>"; };
		04EF08152B8CF84A00F5B679 /* SceneDelegate.swift */ = {isa = PBXFileReference; lastKnownFileType = sourcecode.swift; path = SceneDelegate.swift; sourceTree = "<group>"; };
		04EF08172B8CF84A00F5B679 /* Anasayfa.swift */ = {isa = PBXFileReference; lastKnownFileType = sourcecode.swift; path = Anasayfa.swift; sourceTree = "<group>"; };
		04EF081A2B8CF84A00F5B679 /* Base */ = {isa = PBXFileReference; lastKnownFileType = file.storyboard; name = Base; path = Base.lproj/Main.storyboard; sourceTree = "<group>"; };
		04EF081C2B8CF84B00F5B679 /* Assets.xcassets */ = {isa = PBXFileReference; lastKnownFileType = folder.assetcatalog; path = Assets.xcassets; sourceTree = "<group>"; };
		04EF081F2B8CF84B00F5B679 /* Base */ = {isa = PBXFileReference; lastKnownFileType = file.storyboard; name = Base; path = Base.lproj/LaunchScreen.storyboard; sourceTree = "<group>"; };
		04EF08212B8CF84B00F5B679 /* Info.plist */ = {isa = PBXFileReference; lastKnownFileType = text.plist.xml; path = Info.plist; sourceTree = "<group>"; };
		04EF082C2B8CF9AD00F5B679 /* Filmler.swift */ = {isa = PBXFileReference; lastKnownFileType = sourcecode.swift; path = Filmler.swift; sourceTree = "<group>"; };
		04EF082E2B8CFA2200F5B679 /* DetaySayfa.swift */ = {isa = PBXFileReference; lastKnownFileType = sourcecode.swift; path = DetaySayfa.swift; sourceTree = "<group>"; };
		04EF08302B8CFBC900F5B679 /* FilmlerHucre.swift */ = {isa = PBXFileReference; lastKnownFileType = sourcecode.swift; path = FilmlerHucre.swift; sourceTree = "<group>"; };
/* End PBXFileReference section */

/* Begin PBXFrameworksBuildPhase section */
		04EF080D2B8CF84A00F5B679 /* Frameworks */ = {
			isa = PBXFrameworksBuildPhase;
			buildActionMask = 2147483647;
			files = (
				044C1E2A2B9A1D17000F8CED /* RxSwift in Frameworks */,
			);
			runOnlyForDeploymentPostprocessing = 0;
		};
/* End PBXFrameworksBuildPhase section */

/* Begin PBXGroup section */
		044C1E2B2B9A1D34000F8CED /* repo */ = {
			isa = PBXGroup;
			children = (
				044C1E2C2B9A1D4F000F8CED /* FilmlerDaoRepository.swift */,
			);
			path = repo;
			sourceTree = "<group>";
		};
		044C1E2E2B9A1DAC000F8CED /* viewmodel */ = {
			isa = PBXGroup;
			children = (
				044C1E2F2B9A1DC1000F8CED /* AnasayfaViewModel.swift */,
			);
			path = viewmodel;
			sourceTree = "<group>";
		};
		04E2089F2B9F004100DAF0EF /* Frameworks */ = {
			isa = PBXGroup;
			children = (
				04E208A02B9F004100DAF0EF /* libsqlite3.tbd */,
			);
			name = Frameworks;
			sourceTree = "<group>";
		};
		04EF08072B8CF84A00F5B679 = {
			isa = PBXGroup;
			children = (
				04EF08122B8CF84A00F5B679 /* FilmlerApp */,
				04EF08112B8CF84A00F5B679 /* Products */,
				04E2089F2B9F004100DAF0EF /* Frameworks */,
			);
			sourceTree = "<group>";
		};
		04EF08112B8CF84A00F5B679 /* Products */ = {
			isa = PBXGroup;
			children = (
				04EF08102B8CF84A00F5B679 /* FilmlerApp.app */,
			);
			name = Products;
			sourceTree = "<group>";
		};
		04EF08122B8CF84A00F5B679 /* FilmlerApp */ = {
			isa = PBXGroup;
			children = (
				04EF08132B8CF84A00F5B679 /* AppDelegate.swift */,
				04EF08152B8CF84A00F5B679 /* SceneDelegate.swift */,
				04EF08282B8CF8D500F5B679 /* ui */,
				04EF08272B8CF88700F5B679 /* data */,
				04EF08192B8CF84A00F5B679 /* Main.storyboard */,
				04EF081C2B8CF84B00F5B679 /* Assets.xcassets */,
				04EF081E2B8CF84B00F5B679 /* LaunchScreen.storyboard */,
				04EF08212B8CF84B00F5B679 /* Info.plist */,
				04E208AB2B9F007800DAF0EF /* FMDatabase.h */,
				04E208A62B9F007800DAF0EF /* FMDatabase.m */,
				04E208A42B9F007800DAF0EF /* FMDatabaseAdditions.h */,
				04E208A32B9F007800DAF0EF /* FMDatabaseAdditions.m */,
				04E208A22B9F007800DAF0EF /* FMDatabasePool.h */,
				04E208A52B9F007800DAF0EF /* FMDatabasePool.m */,
				04E208A82B9F007800DAF0EF /* FMDatabaseQueue.h */,
				04E208A72B9F007800DAF0EF /* FMDatabaseQueue.m */,
				04E208A92B9F007800DAF0EF /* FMDB.h */,
				04E208AC2B9F007800DAF0EF /* FMResultSet.h */,
				04E208AA2B9F007800DAF0EF /* FMResultSet.m */,
				04E208A12B9F007700DAF0EF /* FilmlerApp-Bridging-Header.h */,
				04E208B22B9F00B600DAF0EF /* filmler_app.sqlite */,
			);
			path = FilmlerApp;
			sourceTree = "<group>";
		};
		04EF08272B8CF88700F5B679 /* data */ = {
			isa = PBXGroup;
			children = (
				044C1E2B2B9A1D34000F8CED /* repo */,
				04EF082A2B8CF8F000F5B679 /* entity */,
			);
			path = data;
			sourceTree = "<group>";
		};
		04EF08282B8CF8D500F5B679 /* ui */ = {
			isa = PBXGroup;
			children = (
				044C1E2E2B9A1DAC000F8CED /* viewmodel */,
				04EF082B2B8CF90400F5B679 /* tableview */,
				04EF08292B8CF8DC00F5B679 /* views */,
			);
			path = ui;
			sourceTree = "<group>";
		};
		04EF08292B8CF8DC00F5B679 /* views */ = {
			isa = PBXGroup;
			children = (
				04EF08172B8CF84A00F5B679 /* Anasayfa.swift */,
				04EF082E2B8CFA2200F5B679 /* DetaySayfa.swift */,
			);
			path = views;
			sourceTree = "<group>";
		};
		04EF082A2B8CF8F000F5B679 /* entity */ = {
			isa = PBXGroup;
			children = (
				04EF082C2B8CF9AD00F5B679 /* Filmler.swift */,
			);
			path = entity;
			sourceTree = "<group>";
		};
		04EF082B2B8CF90400F5B679 /* tableview */ = {
			isa = PBXGroup;
			children = (
				04EF08302B8CFBC900F5B679 /* FilmlerHucre.swift */,
			);
			path = tableview;
			sourceTree = "<group>";
		};
/* End PBXGroup section */

/* Begin PBXNativeTarget section */
		04EF080F2B8CF84A00F5B679 /* FilmlerApp */ = {
			isa = PBXNativeTarget;
			buildConfigurationList = 04EF08242B8CF84B00F5B679 /* Build configuration list for PBXNativeTarget "FilmlerApp" */;
			buildPhases = (
				04EF080C2B8CF84A00F5B679 /* Sources */,
				04EF080D2B8CF84A00F5B679 /* Frameworks */,
				04EF080E2B8CF84A00F5B679 /* Resources */,
			);
			buildRules = (
			);
			dependencies = (
			);
			name = FilmlerApp;
			packageProductDependencies = (
				044C1E292B9A1D17000F8CED /* RxSwift */,
			);
			productName = FilmlerApp;
			productReference = 04EF08102B8CF84A00F5B679 /* FilmlerApp.app */;
			productType = "com.apple.product-type.application";
		};
/* End PBXNativeTarget section */

/* Begin PBXProject section */
		04EF08082B8CF84A00F5B679 /* Project object */ = {
			isa = PBXProject;
			attributes = {
				BuildIndependentTargetsInParallel = 1;
				LastSwiftUpdateCheck = 1520;
				LastUpgradeCheck = 1520;
				TargetAttributes = {
					04EF080F2B8CF84A00F5B679 = {
						CreatedOnToolsVersion = 15.2;
						LastSwiftMigration = 1520;
					};
				};
			};
			buildConfigurationList = 04EF080B2B8CF84A00F5B679 /* Build configuration list for PBXProject "FilmlerApp" */;
			compatibilityVersion = "Xcode 14.0";
			developmentRegion = en;
			hasScannedForEncodings = 0;
			knownRegions = (
				en,
				Base,
			);
			mainGroup = 04EF08072B8CF84A00F5B679;
			packageReferences = (
				044C1E282B9A1D17000F8CED /* XCRemoteSwiftPackageReference "RxSwift" */,
			);
			productRefGroup = 04EF08112B8CF84A00F5B679 /* Products */;
			projectDirPath = "";
			projectRoot = "";
			targets = (
				04EF080F2B8CF84A00F5B679 /* FilmlerApp */,
			);
		};
/* End PBXProject section */

/* Begin PBXResourcesBuildPhase section */
		04EF080E2B8CF84A00F5B679 /* Resources */ = {
			isa = PBXResourcesBuildPhase;
			buildActionMask = 2147483647;
			files = (
				04EF08202B8CF84B00F5B679 /* LaunchScreen.storyboard in Resources */,
				04E208B32B9F00B600DAF0EF /* filmler_app.sqlite in Resources */,
				04EF081D2B8CF84B00F5B679 /* Assets.xcassets in Resources */,
				04EF081B2B8CF84A00F5B679 /* Main.storyboard in Resources */,
			);
			runOnlyForDeploymentPostprocessing = 0;
		};
/* End PBXResourcesBuildPhase section */

/* Begin PBXSourcesBuildPhase section */
		04EF080C2B8CF84A00F5B679 /* Sources */ = {
			isa = PBXSourcesBuildPhase;
			buildActionMask = 2147483647;
			files = (
				04EF08182B8CF84A00F5B679 /* Anasayfa.swift in Sources */,
				04EF08142B8CF84A00F5B679 /* AppDelegate.swift in Sources */,
				044C1E302B9A1DC1000F8CED /* AnasayfaViewModel.swift in Sources */,
				04EF08162B8CF84A00F5B679 /* SceneDelegate.swift in Sources */,
				04EF082F2B8CFA2200F5B679 /* DetaySayfa.swift in Sources */,
				04E208B02B9F007800DAF0EF /* FMDatabaseQueue.m in Sources */,
				04E208B12B9F007800DAF0EF /* FMResultSet.m in Sources */,
				04E208AD2B9F007800DAF0EF /* FMDatabaseAdditions.m in Sources */,
				04EF082D2B8CF9AD00F5B679 /* Filmler.swift in Sources */,
				04E208AE2B9F007800DAF0EF /* FMDatabasePool.m in Sources */,
				04EF08312B8CFBC900F5B679 /* FilmlerHucre.swift in Sources */,
				04E208AF2B9F007800DAF0EF /* FMDatabase.m in Sources */,
				044C1E2D2B9A1D4F000F8CED /* FilmlerDaoRepository.swift in Sources */,
			);
			runOnlyForDeploymentPostprocessing = 0;
		};
/* End PBXSourcesBuildPhase section */

/* Begin PBXVariantGroup section */
		04EF08192B8CF84A00F5B679 /* Main.storyboard */ = {
			isa = PBXVariantGroup;
			children = (
				04EF081A2B8CF84A00F5B679 /* Base */,
			);
			name = Main.storyboard;
			sourceTree = "<group>";
		};
		04EF081E2B8CF84B00F5B679 /* LaunchScreen.storyboard */ = {
			isa = PBXVariantGroup;
			children = (
				04EF081F2B8CF84B00F5B679 /* Base */,
			);
			name = LaunchScreen.storyboard;
			sourceTree = "<group>";
		};
/* End PBXVariantGroup section */

/* Begin XCBuildConfiguration section */
		04EF08222B8CF84B00F5B679 /* Debug */ = {
			isa = XCBuildConfiguration;
			buildSettings = {
				ALWAYS_SEARCH_USER_PATHS = NO;
				ASSETCATALOG_COMPILER_GENERATE_SWIFT_ASSET_SYMBOL_EXTENSIONS = YES;
				CLANG_ANALYZER_NONNULL = YES;
				CLANG_ANALYZER_NUMBER_OBJECT_CONVERSION = YES_AGGRESSIVE;
				CLANG_CXX_LANGUAGE_STANDARD = "gnu++20";
				CLANG_ENABLE_MODULES = YES;
				CLANG_ENABLE_OBJC_ARC = YES;
				CLANG_ENABLE_OBJC_WEAK = YES;
				CLANG_WARN_BLOCK_CAPTURE_AUTORELEASING = YES;
				CLANG_WARN_BOOL_CONVERSION = YES;
				CLANG_WARN_COMMA = YES;
				CLANG_WARN_CONSTANT_CONVERSION = YES;
				CLANG_WARN_DEPRECATED_OBJC_IMPLEMENTATIONS = YES;
				CLANG_WARN_DIRECT_OBJC_ISA_USAGE = YES_ERROR;
				CLANG_WARN_DOCUMENTATION_COMMENTS = YES;
				CLANG_WARN_EMPTY_BODY = YES;
				CLANG_WARN_ENUM_CONVERSION = YES;
				CLANG_WARN_INFINITE_RECURSION = YES;
				CLANG_WARN_INT_CONVERSION = YES;
				CLANG_WARN_NON_LITERAL_NULL_CONVERSION = YES;
				CLANG_WARN_OBJC_IMPLICIT_RETAIN_SELF = YES;
				CLANG_WARN_OBJC_LITERAL_CONVERSION = YES;
				CLANG_WARN_OBJC_ROOT_CLASS = YES_ERROR;
				CLANG_WARN_QUOTED_INCLUDE_IN_FRAMEWORK_HEADER = YES;
				CLANG_WARN_RANGE_LOOP_ANALYSIS = YES;
				CLANG_WARN_STRICT_PROTOTYPES = YES;
				CLANG_WARN_SUSPICIOUS_MOVE = YES;
				CLANG_WARN_UNGUARDED_AVAILABILITY = YES_AGGRESSIVE;
				CLANG_WARN_UNREACHABLE_CODE = YES;
				CLANG_WARN__DUPLICATE_METHOD_MATCH = YES;
				COPY_PHASE_STRIP = NO;
				DEBUG_INFORMATION_FORMAT = dwarf;
				ENABLE_STRICT_OBJC_MSGSEND = YES;
				ENABLE_TESTABILITY = YES;
				ENABLE_USER_SCRIPT_SANDBOXING = YES;
				GCC_C_LANGUAGE_STANDARD = gnu17;
				GCC_DYNAMIC_NO_PIC = NO;
				GCC_NO_COMMON_BLOCKS = YES;
				GCC_OPTIMIZATION_LEVEL = 0;
				GCC_PREPROCESSOR_DEFINITIONS = (
					"DEBUG=1",
					"$(inherited)",
				);
				GCC_WARN_64_TO_32_BIT_CONVERSION = YES;
				GCC_WARN_ABOUT_RETURN_TYPE = YES_ERROR;
				GCC_WARN_UNDECLARED_SELECTOR = YES;
				GCC_WARN_UNINITIALIZED_AUTOS = YES_AGGRESSIVE;
				GCC_WARN_UNUSED_FUNCTION = YES;
				GCC_WARN_UNUSED_VARIABLE = YES;
				IPHONEOS_DEPLOYMENT_TARGET = 17.2;
				LOCALIZATION_PREFERS_STRING_CATALOGS = YES;
				MTL_ENABLE_DEBUG_INFO = INCLUDE_SOURCE;
				MTL_FAST_MATH = YES;
				ONLY_ACTIVE_ARCH = YES;
				SDKROOT = iphoneos;
				SWIFT_ACTIVE_COMPILATION_CONDITIONS = "DEBUG $(inherited)";
				SWIFT_OPTIMIZATION_LEVEL = "-Onone";
			};
			name = Debug;
		};
		04EF08232B8CF84B00F5B679 /* Release */ = {
			isa = XCBuildConfiguration;
			buildSettings = {
				ALWAYS_SEARCH_USER_PATHS = NO;
				ASSETCATALOG_COMPILER_GENERATE_SWIFT_ASSET_SYMBOL_EXTENSIONS = YES;
				CLANG_ANALYZER_NONNULL = YES;
				CLANG_ANALYZER_NUMBER_OBJECT_CONVERSION = YES_AGGRESSIVE;
				CLANG_CXX_LANGUAGE_STANDARD = "gnu++20";
				CLANG_ENABLE_MODULES = YES;
				CLANG_ENABLE_OBJC_ARC = YES;
				CLANG_ENABLE_OBJC_WEAK = YES;
				CLANG_WARN_BLOCK_CAPTURE_AUTORELEASING = YES;
				CLANG_WARN_BOOL_CONVERSION = YES;
				CLANG_WARN_COMMA = YES;
				CLANG_WARN_CONSTANT_CONVERSION = YES;
				CLANG_WARN_DEPRECATED_OBJC_IMPLEMENTATIONS = YES;
				CLANG_WARN_DIRECT_OBJC_ISA_USAGE = YES_ERROR;
				CLANG_WARN_DOCUMENTATION_COMMENTS = YES;
				CLANG_WARN_EMPTY_BODY = YES;
				CLANG_WARN_ENUM_CONVERSION = YES;
				CLANG_WARN_INFINITE_RECURSION = YES;
				CLANG_WARN_INT_CONVERSION = YES;
				CLANG_WARN_NON_LITERAL_NULL_CONVERSION = YES;
				CLANG_WARN_OBJC_IMPLICIT_RETAIN_SELF = YES;
				CLANG_WARN_OBJC_LITERAL_CONVERSION = YES;
				CLANG_WARN_OBJC_ROOT_CLASS = YES_ERROR;
				CLANG_WARN_QUOTED_INCLUDE_IN_FRAMEWORK_HEADER = YES;
				CLANG_WARN_RANGE_LOOP_ANALYSIS = YES;
				CLANG_WARN_STRICT_PROTOTYPES = YES;
				CLANG_WARN_SUSPICIOUS_MOVE = YES;
				CLANG_WARN_UNGUARDED_AVAILABILITY = YES_AGGRESSIVE;
				CLANG_WARN_UNREACHABLE_CODE = YES;
				CLANG_WARN__DUPLICATE_METHOD_MATCH = YES;
				COPY_PHASE_STRIP = NO;
				DEBUG_INFORMATION_FORMAT = "dwarf-with-dsym";
				ENABLE_NS_ASSERTIONS = NO;
				ENABLE_STRICT_OBJC_MSGSEND = YES;
				ENABLE_USER_SCRIPT_SANDBOXING = YES;
				GCC_C_LANGUAGE_STANDARD = gnu17;
				GCC_NO_COMMON_BLOCKS = YES;
				GCC_WARN_64_TO_32_BIT_CONVERSION = YES;
				GCC_WARN_ABOUT_RETURN_TYPE = YES_ERROR;
				GCC_WARN_UNDECLARED_SELECTOR = YES;
				GCC_WARN_UNINITIALIZED_AUTOS = YES_AGGRESSIVE;
				GCC_WARN_UNUSED_FUNCTION = YES;
				GCC_WARN_UNUSED_VARIABLE = YES;
				IPHONEOS_DEPLOYMENT_TARGET = 17.2;
				LOCALIZATION_PREFERS_STRING_CATALOGS = YES;
				MTL_ENABLE_DEBUG_INFO = NO;
				MTL_FAST_MATH = YES;
				SDKROOT = iphoneos;
				SWIFT_COMPILATION_MODE = wholemodule;
				VALIDATE_PRODUCT = YES;
			};
			name = Release;
		};
		04EF08252B8CF84B00F5B679 /* Debug */ = {
			isa = XCBuildConfiguration;
			buildSettings = {
				ASSETCATALOG_COMPILER_APPICON_NAME = AppIcon;
				ASSETCATALOG_COMPILER_GLOBAL_ACCENT_COLOR_NAME = AccentColor;
				CLANG_ENABLE_MODULES = YES;
				CODE_SIGN_STYLE = Automatic;
				CURRENT_PROJECT_VERSION = 1;
				DEVELOPMENT_TEAM = 37442GPKVJ;
				GENERATE_INFOPLIST_FILE = YES;
				INFOPLIST_FILE = FilmlerApp/Info.plist;
				INFOPLIST_KEY_UIApplicationSupportsIndirectInputEvents = YES;
				INFOPLIST_KEY_UILaunchStoryboardName = LaunchScreen;
				INFOPLIST_KEY_UIMainStoryboardFile = Main;
				INFOPLIST_KEY_UISupportedInterfaceOrientations_iPad = "UIInterfaceOrientationPortrait UIInterfaceOrientationPortraitUpsideDown UIInterfaceOrientationLandscapeLeft UIInterfaceOrientationLandscapeRight";
				INFOPLIST_KEY_UISupportedInterfaceOrientations_iPhone = "UIInterfaceOrientationPortrait UIInterfaceOrientationLandscapeLeft UIInterfaceOrientationLandscapeRight";
				LD_RUNPATH_SEARCH_PATHS = (
					"$(inherited)",
					"@executable_path/Frameworks",
				);
				MARKETING_VERSION = 1.0;
				PRODUCT_BUNDLE_IDENTIFIER = com.furkanislam.FilmlerApp;
				PRODUCT_NAME = "$(TARGET_NAME)";
				SWIFT_EMIT_LOC_STRINGS = YES;
				SWIFT_OBJC_BRIDGING_HEADER = "FilmlerApp/FilmlerApp-Bridging-Header.h";
				SWIFT_OPTIMIZATION_LEVEL = "-Onone";
				SWIFT_VERSION = 5.0;
				TARGETED_DEVICE_FAMILY = "1,2";
			};
			name = Debug;
		};
		04EF08262B8CF84B00F5B679 /* Release */ = {
			isa = XCBuildConfiguration;
			buildSettings = {
				ASSETCATALOG_COMPILER_APPICON_NAME = AppIcon;
				ASSETCATALOG_COMPILER_GLOBAL_ACCENT_COLOR_NAME = AccentColor;
				CLANG_ENABLE_MODULES = YES;
				CODE_SIGN_STYLE = Automatic;
				CURRENT_PROJECT_VERSION = 1;
				DEVELOPMENT_TEAM = 37442GPKVJ;
				GENERATE_INFOPLIST_FILE = YES;
				INFOPLIST_FILE = FilmlerApp/Info.plist;
				INFOPLIST_KEY_UIApplicationSupportsIndirectInputEvents = YES;
				INFOPLIST_KEY_UILaunchStoryboardName = LaunchScreen;
				INFOPLIST_KEY_UIMainStoryboardFile = Main;
				INFOPLIST_KEY_UISupportedInterfaceOrientations_iPad = "UIInterfaceOrientationPortrait UIInterfaceOrientationPortraitUpsideDown UIInterfaceOrientationLandscapeLeft UIInterfaceOrientationLandscapeRight";
				INFOPLIST_KEY_UISupportedInterfaceOrientations_iPhone = "UIInterfaceOrientationPortrait UIInterfaceOrientationLandscapeLeft UIInterfaceOrientationLandscapeRight";
				LD_RUNPATH_SEARCH_PATHS = (
					"$(inherited)",
					"@executable_path/Frameworks",
				);
				MARKETING_VERSION = 1.0;
				PRODUCT_BUNDLE_IDENTIFIER = com.furkanislam.FilmlerApp;
				PRODUCT_NAME = "$(TARGET_NAME)";
				SWIFT_EMIT_LOC_STRINGS = YES;
				SWIFT_OBJC_BRIDGING_HEADER = "FilmlerApp/FilmlerApp-Bridging-Header.h";
				SWIFT_VERSION = 5.0;
				TARGETED_DEVICE_FAMILY = "1,2";
			};
			name = Release;
		};
/* End XCBuildConfiguration section */

/* Begin XCConfigurationList section */
		04EF080B2B8CF84A00F5B679 /* Build configuration list for PBXProject "FilmlerApp" */ = {
			isa = XCConfigurationList;
			buildConfigurations = (
				04EF08222B8CF84B00F5B679 /* Debug */,
				04EF08232B8CF84B00F5B679 /* Release */,
			);
			defaultConfigurationIsVisible = 0;
			defaultConfigurationName = Release;
		};
		04EF08242B8CF84B00F5B679 /* Build configuration list for PBXNativeTarget "FilmlerApp" */ = {
			isa = XCConfigurationList;
			buildConfigurations = (
				04EF08252B8CF84B00F5B679 /* Debug */,
				04EF08262B8CF84B00F5B679 /* Release */,
			);
			defaultConfigurationIsVisible = 0;
			defaultConfigurationName = Release;
		};
/* End XCConfigurationList section */

/* Begin XCRemoteSwiftPackageReference section */
		044C1E282B9A1D17000F8CED /* XCRemoteSwiftPackageReference "RxSwift" */ = {
			isa = XCRemoteSwiftPackageReference;
			repositoryURL = "https://github.com/ReactiveX/RxSwift.git";
			requirement = {
				branch = main;
				kind = branch;
			};
		};
/* End XCRemoteSwiftPackageReference section */

/* Begin XCSwiftPackageProductDependency section */
		044C1E292B9A1D17000F8CED /* RxSwift */ = {
			isa = XCSwiftPackageProductDependency;
			package = 044C1E282B9A1D17000F8CED /* XCRemoteSwiftPackageReference "RxSwift" */;
			productName = RxSwift;
		};
/* End XCSwiftPackageProductDependency section */
	};
	rootObject = 04EF08082B8CF84A00F5B679 /* Project object */;
}
